{
  "nodes": {
    "clan-core": {
      "inputs": {
        "data-mesher": "data-mesher",
        "disko": "disko",
        "flake-parts": "flake-parts",
        "nix-darwin": "nix-darwin",
        "nix-select": "nix-select",
        "nixos-facter-modules": "nixos-facter-modules",
        "nixpkgs": "nixpkgs",
        "sops-nix": "sops-nix",
        "systems": "systems",
        "treefmt-nix": "treefmt-nix"
      },
      "locked": {
        "lastModified": 1757844545,
        "narHash": "sha256-a0h6AeVynh4VIetM+FY6xjObVW+sAYzY1kxL2tq7sC0=",
        "rev": "b494bdee21b6fcfa0de817877bb378c430c4a411",
        "type": "tarball",
        "url": "https://git.clan.lol/api/v1/repos/clan/clan-core/archive/b494bdee21b6fcfa0de817877bb378c430c4a411.tar.gz"
      },
      "original": {
        "type": "tarball",
        "url": "https://git.clan.lol/clan/clan-core/archive/main.tar.gz"
      }
    },
    "data-mesher": {
      "inputs": {
        "flake-parts": [
          "clan-core",
          "flake-parts"
        ],
        "nixpkgs": [
          "clan-core",
          "nixpkgs"
        ],
        "treefmt-nix": [
          "clan-core",
          "treefmt-nix"
        ]
      },
      "locked": {
        "lastModified": 1757300813,
        "narHash": "sha256-JYQl+8nJYImg/inqotu9nEPcTXrRJixFN6sOfn6Tics=",
        "rev": "b5f2157bcd26c73551374cd6e5b027b0119b2f3d",
        "type": "tarball",
        "url": "https://git.clan.lol/api/v1/repos/clan/data-mesher/archive/b5f2157bcd26c73551374cd6e5b027b0119b2f3d.tar.gz"
      },
      "original": {
        "type": "tarball",
        "url": "https://git.clan.lol/clan/data-mesher/archive/main.tar.gz"
      }
    },
    "disko": {
      "inputs": {
        "nixpkgs": [
          "clan-core",
          "nixpkgs"
        ]
      },
      "locked": {
        "lastModified": 1757508292,
        "narHash": "sha256-7lVWL5bC6xBIMWWDal41LlGAG+9u2zUorqo3QCUL4p4=",
        "owner": "nix-community",
        "repo": "disko",
        "rev": "146f45bee02b8bd88812cfce6ffc0f933788875a",
        "type": "github"
      },
      "original": {
        "owner": "nix-community",
        "repo": "disko",
        "type": "github"
      }
    },
    "flake-compat": {
      "flake": false,
      "locked": {
        "lastModified": 1751685974,
        "narHash": "sha256-NKw96t+BgHIYzHUjkTK95FqYRVKB8DHpVhefWSz/kTw=",
        "rev": "549f2762aebeff29a2e5ece7a7dc0f955281a1d1",
        "type": "tarball",
        "url": "https://git.lix.systems/api/v1/repos/lix-project/flake-compat/archive/549f2762aebeff29a2e5ece7a7dc0f955281a1d1.tar.gz?rev=549f2762aebeff29a2e5ece7a7dc0f955281a1d1"
      },
      "original": {
        "type": "tarball",
        "url": "https://git.lix.systems/lix-project/flake-compat/archive/main.tar.gz"
      }
    },
    "flake-parts": {
      "inputs": {
        "nixpkgs-lib": [
          "clan-core",
          "nixpkgs"
        ]
      },
      "locked": {
        "lastModified": 1756770412,
        "narHash": "sha256-+uWLQZccFHwqpGqr2Yt5VsW/PbeJVTn9Dk6SHWhNRPw=",
        "owner": "hercules-ci",
        "repo": "flake-parts",
        "rev": "4524271976b625a4a605beefd893f270620fd751",
        "type": "github"
      },
      "original": {
        "owner": "hercules-ci",
        "repo": "flake-parts",
        "type": "github"
      }
    },
    "flake-utils": {
      "inputs": {
        "systems": "systems_2"
      },
      "locked": {
        "lastModified": 1694529238,
        "narHash": "sha256-zsNZZGTGnMOf9YpHKJqMSsa0dXbfmxeoJ7xHlrt+xmY=",
        "owner": "numtide",
        "repo": "flake-utils",
        "rev": "ff7b65b44d01cf9ba6a71320833626af21126384",
        "type": "github"
      },
      "original": {
        "owner": "numtide",
        "repo": "flake-utils",
        "type": "github"
      }
    },
    "gomod2nix": {
      "inputs": {
        "flake-utils": "flake-utils",
        "nixpkgs": [
          "tangled",
          "nixpkgs"
        ]
      },
      "locked": {
        "lastModified": 1754078208,
        "narHash": "sha256-YVoIFDCDpYuU3riaDEJ3xiGdPOtsx4sR5eTzHTytPV8=",
        "owner": "nix-community",
        "repo": "gomod2nix",
        "rev": "7f963246a71626c7fc70b431a315c4388a0c95cf",
        "type": "github"
      },
      "original": {
        "owner": "nix-community",
        "repo": "gomod2nix",
        "type": "github"
      }
    },
    "htmx-src": {
      "flake": false,
      "locked": {
        "narHash": "sha256-nm6avZuEBg67SSyyZUhjpXVNstHHgUxrtBHqJgowU08=",
        "type": "file",
        "url": "https://unpkg.com/htmx.org@2.0.4/dist/htmx.min.js"
      },
      "original": {
        "type": "file",
        "url": "https://unpkg.com/htmx.org@2.0.4/dist/htmx.min.js"
      }
    },
    "htmx-ws-src": {
      "flake": false,
      "locked": {
        "narHash": "sha256-2fg6KyEJoO24q0fQqbz9RMaYNPQrMwpZh29tkSqdqGY=",
        "type": "file",
        "url": "https://cdn.jsdelivr.net/npm/htmx-ext-ws@2.0.2"
      },
      "original": {
        "type": "file",
        "url": "https://cdn.jsdelivr.net/npm/htmx-ext-ws@2.0.2"
      }
    },
    "ibm-plex-mono-src": {
      "flake": false,
      "locked": {
        "lastModified": 1731402384,
        "narHash": "sha256-OwUmrPfEehLDz0fl2ChYLK8FQM2p0G1+EMrGsYEq+6g=",
        "type": "tarball",
        "url": "https://github.com/IBM/plex/releases/download/@ibm/plex-mono@1.1.0/ibm-plex-mono.zip"
      },
      "original": {
        "type": "tarball",
        "url": "https://github.com/IBM/plex/releases/download/@ibm/plex-mono@1.1.0/ibm-plex-mono.zip"
      }
    },
    "indigo": {
      "flake": false,
      "locked": {
        "lastModified": 1753693716,
        "narHash": "sha256-DMIKnCJRODQXEHUxA+7mLzRALmnZhkkbHlFT2rCQYrE=",
        "owner": "oppiliappan",
        "repo": "indigo",
        "rev": "5f170569da9360f57add450a278d73538092d8ca",
        "type": "github"
      },
      "original": {
        "owner": "oppiliappan",
        "repo": "indigo",
        "type": "github"
      }
    },
    "inter-fonts-src": {
      "flake": false,
      "locked": {
        "lastModified": 1731687360,
        "narHash": "sha256-5vdKKvHAeZi6igrfpbOdhZlDX2/5+UvzlnCQV6DdqoQ=",
        "type": "tarball",
        "url": "https://github.com/rsms/inter/releases/download/v4.1/Inter-4.1.zip"
      },
      "original": {
        "type": "tarball",
        "url": "https://github.com/rsms/inter/releases/download/v4.1/Inter-4.1.zip"
      }
    },
    "lucide-src": {
      "flake": false,
      "locked": {
        "lastModified": 1754044466,
        "narHash": "sha256-+exBR2OToB1iv7ZQI2S4B0lXA/QRvC9n6U99UxGpJGs=",
        "type": "tarball",
        "url": "https://github.com/lucide-icons/lucide/releases/download/0.536.0/lucide-icons-0.536.0.zip"
      },
      "original": {
        "type": "tarball",
        "url": "https://github.com/lucide-icons/lucide/releases/download/0.536.0/lucide-icons-0.536.0.zip"
      }
    },
    "netbird-new-module": {
      "locked": {
        "lastModified": 1757098945,
        "narHash": "sha256-53ICRxeHTliySTpAAAUqBUd7GXkyU9mLTR2Rga28mxA=",
        "owner": "NixOS",
        "repo": "nixpkgs",
        "rev": "e9b138453b96e209468b2c71bb1f72e1aa6cd385",
        "type": "github"
      },
      "original": {
        "owner": "NixOS",
        "ref": "pull/354032/head",
        "repo": "nixpkgs",
        "type": "github"
      }
    },
    "nix-darwin": {
      "inputs": {
        "nixpkgs": [
          "clan-core",
          "nixpkgs"
        ]
      },
      "locked": {
        "lastModified": 1757430124,
        "narHash": "sha256-MhDltfXesGH8VkGv3hmJ1QEKl1ChTIj9wmGAFfWj/Wk=",
        "owner": "nix-darwin",
        "repo": "nix-darwin",
        "rev": "830b3f0b50045cf0bcfd4dab65fad05bf882e196",
        "type": "github"
      },
      "original": {
        "owner": "nix-darwin",
        "repo": "nix-darwin",
        "type": "github"
      }
    },
    "nix-select": {
      "locked": {
        "lastModified": 1755887746,
        "narHash": "sha256-lzWbpHKX0WAn/jJDoCijIDss3rqYIPawe46GDaE6U3g=",
        "rev": "92c2574c5e113281591be01e89bb9ddb31d19156",
        "type": "tarball",
        "url": "https://git.clan.lol/api/v1/repos/clan/nix-select/archive/92c2574c5e113281591be01e89bb9ddb31d19156.tar.gz"
      },
      "original": {
        "type": "tarball",
        "url": "https://git.clan.lol/clan/nix-select/archive/main.tar.gz"
      }
    },
    "nixos-facter-modules": {
      "locked": {
        "lastModified": 1756491981,
        "narHash": "sha256-lXyDAWPw/UngVtQfgQ8/nrubs2r+waGEYIba5UX62+k=",
        "owner": "nix-community",
        "repo": "nixos-facter-modules",
        "rev": "c1b29520945d3e148cd96618c8a0d1f850965d8c",
        "type": "github"
      },
      "original": {
        "owner": "nix-community",
        "repo": "nixos-facter-modules",
        "type": "github"
      }
    },
    "nixos-hardware": {
      "locked": {
        "lastModified": 1757775351,
        "narHash": "sha256-xWsxmNHwt9jV/yFJqzsNeilpH4BR8MPe44Yt0eaGAIM=",
        "owner": "NixOS",
        "repo": "nixos-hardware",
        "rev": "f89c620d3d6e584d98280b48f0af7be4f8506ab5",
        "type": "github"
      },
      "original": {
        "owner": "NixOS",
        "ref": "master",
        "repo": "nixos-hardware",
        "type": "github"
      }
    },
    "nixpkgs": {
      "locked": {
        "lastModified": 315532800,
        "narHash": "sha256-1tUpklZsKzMGI3gjo/dWD+hS8cf+5Jji8TF5Cfz7i3I=",
        "rev": "08b8f92ac6354983f5382124fef6006cade4a1c1",
        "type": "tarball",
        "url": "https://releases.nixos.org/nixpkgs/nixpkgs-25.11pre862603.08b8f92ac635/nixexprs.tar.xz"
      },
      "original": {
        "type": "tarball",
        "url": "https://nixos.org/channels/nixpkgs-unstable/nixexprs.tar.xz"
      }
    },
    "nixpkgs_2": {
      "locked": {
        "lastModified": 1751984180,
        "narHash": "sha256-LwWRsENAZJKUdD3SpLluwDmdXY9F45ZEgCb0X+xgOL0=",
        "owner": "nixos",
        "repo": "nixpkgs",
        "rev": "9807714d6944a957c2e036f84b0ff8caf9930bc0",
        "type": "github"
      },
      "original": {
        "owner": "nixos",
        "ref": "nixos-unstable",
        "repo": "nixpkgs",
        "type": "github"
      }
    },
    "root": {
      "inputs": {
        "clan-core": "clan-core",
        "netbird-new-module": "netbird-new-module",
        "nixos-hardware": "nixos-hardware",
        "nixpkgs": [
          "clan-core",
          "nixpkgs"
        ],
        "tangled": "tangled"
      }
    },
    "sops-nix": {
      "inputs": {
        "nixpkgs": [
          "clan-core",
          "nixpkgs"
        ]
      },
      "locked": {
        "lastModified": 1757449901,
        "narHash": "sha256-qwN8nYdSRnmmyyi+uR6m4gXnVktmy5smG1MOrSFD8PI=",
        "owner": "Mic92",
        "repo": "sops-nix",
        "rev": "3b4a369df9dd6ee171a7ea4448b50e2528faf850",
        "type": "github"
      },
      "original": {
        "owner": "Mic92",
        "repo": "sops-nix",
        "type": "github"
      }
    },
    "sqlite-lib-src": {
      "flake": false,
      "locked": {
        "lastModified": 1706631843,
        "narHash": "sha256-bJoMjirsBjm2Qk9KPiy3yV3+8b/POlYe76/FQbciHro=",
        "type": "tarball",
        "url": "https://sqlite.org/2024/sqlite-amalgamation-3450100.zip"
      },
      "original": {
        "type": "tarball",
        "url": "https://sqlite.org/2024/sqlite-amalgamation-3450100.zip"
      }
    },
    "systems": {
      "locked": {
        "lastModified": 1681028828,
        "narHash": "sha256-Vy1rq5AaRuLzOxct8nz4T6wlgyUR7zLU309k9mBC768=",
        "owner": "nix-systems",
        "repo": "default",
        "rev": "da67096a3b9bf56a91d16901293e51ba5b49a27e",
        "type": "github"
      },
      "original": {
        "owner": "nix-systems",
        "repo": "default",
        "type": "github"
      }
    },
    "systems_2": {
      "locked": {
        "lastModified": 1681028828,
        "narHash": "sha256-Vy1rq5AaRuLzOxct8nz4T6wlgyUR7zLU309k9mBC768=",
        "owner": "nix-systems",
        "repo": "default",
        "rev": "da67096a3b9bf56a91d16901293e51ba5b49a27e",
        "type": "github"
      },
      "original": {
        "owner": "nix-systems",
        "repo": "default",
        "type": "github"
      }
    },
    "tangled": {
      "inputs": {
        "flake-compat": "flake-compat",
        "gomod2nix": "gomod2nix",
        "htmx-src": "htmx-src",
        "htmx-ws-src": "htmx-ws-src",
        "ibm-plex-mono-src": "ibm-plex-mono-src",
        "indigo": "indigo",
        "inter-fonts-src": "inter-fonts-src",
        "lucide-src": "lucide-src",
        "nixpkgs": "nixpkgs_2",
        "sqlite-lib-src": "sqlite-lib-src"
      },
      "locked": {
        "lastModified": 1760520318,
        "narHash": "sha256-/5SbpGN/K6yaEhMf2O10OCGCfqAsXrUqhZ9EIesLqPo=",
        "ref": "refs/heads/master",
        "rev": "bb08649f2e1111469f67cbc7c8938ebd7e810982",
        "revCount": 1531,
        "type": "git",
        "url": "https://tangled.org/@tangled.org/core"
      },
      "original": {
        "type": "git",
        "url": "https://tangled.org/@tangled.org/core"
      }
    },
    "treefmt-nix": {
      "inputs": {
        "nixpkgs": [
          "clan-core",
          "nixpkgs"
        ]
      },
      "locked": {
        "lastModified": 1756662192,
        "narHash": "sha256-F1oFfV51AE259I85av+MAia221XwMHCOtZCMcZLK2Jk=",
        "owner": "numtide",
        "repo": "treefmt-nix",
        "rev": "1aabc6c05ccbcbf4a635fb7a90400e44282f61c4",
        "type": "github"
      },
      "original": {
        "owner": "numtide",
        "repo": "treefmt-nix",
        "type": "github"
      }
    }
  },
  "root": "root",
  "version": 7
}
